
Microsoft Visual Studio Solution File, Format Version 12.00
# Visual Studio 14
VisualStudioVersion = 14.0.25420.1
MinimumVisualStudioVersion = 10.0.40219.1
Project("{2150E333-8FDC-42A3-9474-1A3956D46DE8}") = "BussinessAccessLayer", "BussinessAccessLayer", "{FA191FCD-327E-4CBA-89B6-9C0F9C659D89}"
EndProject
Project("{2150E333-8FDC-42A3-9474-1A3956D46DE8}") = "Database", "Database", "{D78D777B-06CC-49E5-B33C-1E3A83FAEDCB}"
EndProject
Project("{2150E333-8FDC-42A3-9474-1A3956D46DE8}") = "Framework", "Framework", "{CA27D53F-C9BC-4973-B6C0-13C30CFA94A4}"
	ProjectSection(SolutionItems) = preProject
		BAL.KFS\packages.config = BAL.KFS\packages.config
	EndProjectSection
EndProject
Project("{2150E333-8FDC-42A3-9474-1A3956D46DE8}") = "Web", "Web", "{0DE52565-1DDE-4AD0-BCF5-E7A23A905CB5}"
EndProject
Project("{FAE04EC0-301F-11D3-BF4B-00C04F79EFBC}") = "KFS.API", "Web\KFS.API\KFS.API.csproj", "{3A3833C4-7B5D-441C-A87A-E57D4FE99540}"
EndProject
Project("{FAE04EC0-301F-11D3-BF4B-00C04F79EFBC}") = "KFS.UI", "Web\KFS.UI\KFS.UI.csproj", "{A8FB2E7D-077A-4CF1-9EDC-40210C69AC22}"
EndProject
Project("{FAE04EC0-301F-11D3-BF4B-00C04F79EFBC}") = "BAL.KFAS", "BAL.KFAS\BAL.KFAS.csproj", "{74A8C6D0-EA82-450E-958B-19AAF95D479B}"
EndProject
Project("{FAE04EC0-301F-11D3-BF4B-00C04F79EFBC}") = "BAL.KFRS", "BAL.KFRS\BAL.KFRS.csproj", "{9A8BC4D6-A666-41B2-8435-366A6281F575}"
EndProject
Project("{FAE04EC0-301F-11D3-BF4B-00C04F79EFBC}") = "BAL.KFS", "BAL.KFS\BAL.KFS.csproj", "{AECD07FD-6A60-4257-81DE-8D40F23E3190}"
EndProject
Global
	GlobalSection(SolutionConfigurationPlatforms) = preSolution
		Debug|Any CPU = Debug|Any CPU
		Release|Any CPU = Release|Any CPU
	EndGlobalSection
	GlobalSection(ProjectConfigurationPlatforms) = postSolution
		{3A3833C4-7B5D-441C-A87A-E57D4FE99540}.Debug|Any CPU.ActiveCfg = Debug|Any CPU
		{3A3833C4-7B5D-441C-A87A-E57D4FE99540}.Debug|Any CPU.Build.0 = Debug|Any CPU
		{3A3833C4-7B5D-441C-A87A-E57D4FE99540}.Release|Any CPU.ActiveCfg = Release|Any CPU
		{3A3833C4-7B5D-441C-A87A-E57D4FE99540}.Release|Any CPU.Build.0 = Release|Any CPU
		{A8FB2E7D-077A-4CF1-9EDC-40210C69AC22}.Debug|Any CPU.ActiveCfg = Debug|Any CPU
		{A8FB2E7D-077A-4CF1-9EDC-40210C69AC22}.Debug|Any CPU.Build.0 = Debug|Any CPU
		{A8FB2E7D-077A-4CF1-9EDC-40210C69AC22}.Release|Any CPU.ActiveCfg = Release|Any CPU
		{A8FB2E7D-077A-4CF1-9EDC-40210C69AC22}.Release|Any CPU.Build.0 = Release|Any CPU
		{74A8C6D0-EA82-450E-958B-19AAF95D479B}.Debug|Any CPU.ActiveCfg = Debug|Any CPU
		{74A8C6D0-EA82-450E-958B-19AAF95D479B}.Debug|Any CPU.Build.0 = Debug|Any CPU
		{74A8C6D0-EA82-450E-958B-19AAF95D479B}.Release|Any CPU.ActiveCfg = Release|Any CPU
		{74A8C6D0-EA82-450E-958B-19AAF95D479B}.Release|Any CPU.Build.0 = Release|Any CPU
		{9A8BC4D6-A666-41B2-8435-366A6281F575}.Debug|Any CPU.ActiveCfg = Debug|Any CPU
		{9A8BC4D6-A666-41B2-8435-366A6281F575}.Debug|Any CPU.Build.0 = Debug|Any CPU
		{9A8BC4D6-A666-41B2-8435-366A6281F575}.Release|Any CPU.ActiveCfg = Release|Any CPU
		{9A8BC4D6-A666-41B2-8435-366A6281F575}.Release|Any CPU.Build.0 = Release|Any CPU
		{AECD07FD-6A60-4257-81DE-8D40F23E3190}.Debug|Any CPU.ActiveCfg = Debug|Any CPU
		{AECD07FD-6A60-4257-81DE-8D40F23E3190}.Debug|Any CPU.Build.0 = Debug|Any CPU
		{AECD07FD-6A60-4257-81DE-8D40F23E3190}.Release|Any CPU.ActiveCfg = Release|Any CPU
		{AECD07FD-6A60-4257-81DE-8D40F23E3190}.Release|Any CPU.Build.0 = Release|Any CPU
	EndGlobalSection
	GlobalSection(SolutionProperties) = preSolution
		HideSolutionNode = FALSE
	EndGlobalSection
	GlobalSection(NestedProjects) = preSolution
		{3A3833C4-7B5D-441C-A87A-E57D4FE99540} = {0DE52565-1DDE-4AD0-BCF5-E7A23A905CB5}
		{A8FB2E7D-077A-4CF1-9EDC-40210C69AC22} = {0DE52565-1DDE-4AD0-BCF5-E7A23A905CB5}
		{74A8C6D0-EA82-450E-958B-19AAF95D479B} = {FA191FCD-327E-4CBA-89B6-9C0F9C659D89}
		{9A8BC4D6-A666-41B2-8435-366A6281F575} = {FA191FCD-327E-4CBA-89B6-9C0F9C659D89}
		{AECD07FD-6A60-4257-81DE-8D40F23E3190} = {FA191FCD-327E-4CBA-89B6-9C0F9C659D89}
	EndGlobalSection
EndGlobal
